{
  "name": "tim",
  "version": "1.0.0",
  "lockfileVersion": 1,
  "requires": true,
  "dependencies": {
    "simple-jekyll-search": {
      "version": "1.5.0",
      "resolved": "https://registry.npmjs.org/simple-jekyll-search/-/simple-jekyll-search-1.5.0.tgz",
      "integrity": "sha1-itrSG3dkKLvB4t7gDWBM0m4DxPc=",
      "dev": true,
      "requires": {
        "fuzzysearch": "^1.0.3"
      },
      "dependencies": {
        "fuzzysearch": {
          "version": "1.0.3",
          "resolved": "https://registry.npmjs.org/fuzzysearch/-/fuzzysearch-1.0.3.tgz",
          "integrity": "sha1-3/yA9tawQiPyImqnndGUIxCW0Ag=",
          "dev": true
        }
      }
    },
    "typed.js": {
      "version": "2.0.6",
      "resolved": "https://registry.npmjs.org/typed.js/-/typed.js-2.0.6.tgz",
      "integrity": "sha1-TicPb7xeXpSmw4+ilAfEBHRafWE=",
      "dev": true
    }
  }
}
